// !$*UTF8*$!
{
	archiveVersion = 1;
	classes = {
	};
	objectVersion = 56;
	objects = {

/* Begin PBXBuildFile section */
		211C94792A0EB01300C2891F /* AppDelegate.swift in Sources */ = {isa = PBXBuildFile; fileRef = 211C94782A0EB01300C2891F /* AppDelegate.swift */; };
		211C947B2A0EB01300C2891F /* GameViewController.swift in Sources */ = {isa = PBXBuildFile; fileRef = 211C947A2A0EB01300C2891F /* GameViewController.swift */; };
		211C947E2A0EB01300C2891F /* Main.storyboard in Resources */ = {isa = PBXBuildFile; fileRef = 211C947C2A0EB01300C2891F /* Main.storyboard */; };
		211C94812A0EB01300C2891F /* LaunchScreen.storyboard in Resources */ = {isa = PBXBuildFile; fileRef = 211C947F2A0EB01300C2891F /* LaunchScreen.storyboard */; };
		211C94822A0EB01300C2891F /* GameController.swift in Sources */ = {isa = PBXBuildFile; fileRef = 211C946E2A0EB01200C2891F /* GameController.swift */; };
		211C94832A0EB01300C2891F /* Art.scnassets in Resources */ = {isa = PBXBuildFile; fileRef = 211C946F2A0EB01200C2891F /* Art.scnassets */; };
		211C94842A0EB01300C2891F /* Assets.xcassets in Resources */ = {isa = PBXBuildFile; fileRef = 211C94702A0EB01300C2891F /* Assets.xcassets */; };
		21B2563F2A0ECC3C0061D4A0 /* GameManager.swift in Sources */ = {isa = PBXBuildFile; fileRef = 21B2563E2A0ECC3C0061D4A0 /* GameManager.swift */; };
		9F01E8992A21AE8900FD05CD /* PurchaseMenuBaseView.swift in Sources */ = {isa = PBXBuildFile; fileRef = 9F01E8982A21AE8900FD05CD /* PurchaseMenuBaseView.swift */; };
		9F01E89B2A21AED700FD05CD /* PurchaseObject.swift in Sources */ = {isa = PBXBuildFile; fileRef = 9F01E89A2A21AED700FD05CD /* PurchaseObject.swift */; };
		9F6D744E2A224BF700C16B14 /* Manager.swift in Sources */ = {isa = PBXBuildFile; fileRef = 9F6D744D2A224BF700C16B14 /* Manager.swift */; };
		9F6D74512A22511B00C16B14 /* PurchaseMenuHostingViewController.swift in Sources */ = {isa = PBXBuildFile; fileRef = 9F6D74502A22511B00C16B14 /* PurchaseMenuHostingViewController.swift */; };
		9F6D74552A225AD600C16B14 /* PurchasableItemsData.swift in Sources */ = {isa = PBXBuildFile; fileRef = 9F6D74542A225AD600C16B14 /* PurchasableItemsData.swift */; };
		9F6D74582A2288A800C16B14 /* AlpacaError.swift in Sources */ = {isa = PBXBuildFile; fileRef = 9F6D74572A2288A800C16B14 /* AlpacaError.swift */; };
/* End PBXBuildFile section */

/* Begin PBXFileReference section */
		211C946E2A0EB01200C2891F /* GameController.swift */ = {isa = PBXFileReference; lastKnownFileType = sourcecode.swift; path = GameController.swift; sourceTree = "<group>"; };
		211C946F2A0EB01200C2891F /* Art.scnassets */ = {isa = PBXFileReference; lastKnownFileType = wrapper.scnassets; path = Art.scnassets; sourceTree = "<group>"; };
		211C94702A0EB01300C2891F /* Assets.xcassets */ = {isa = PBXFileReference; lastKnownFileType = folder.assetcatalog; path = Assets.xcassets; sourceTree = "<group>"; };
		211C94752A0EB01300C2891F /* alpacaGame.app */ = {isa = PBXFileReference; explicitFileType = wrapper.application; includeInIndex = 0; path = alpacaGame.app; sourceTree = BUILT_PRODUCTS_DIR; };
		211C94782A0EB01300C2891F /* AppDelegate.swift */ = {isa = PBXFileReference; lastKnownFileType = sourcecode.swift; path = AppDelegate.swift; sourceTree = "<group>"; };
		211C947A2A0EB01300C2891F /* GameViewController.swift */ = {isa = PBXFileReference; lastKnownFileType = sourcecode.swift; path = GameViewController.swift; sourceTree = "<group>"; };
		211C947D2A0EB01300C2891F /* Base */ = {isa = PBXFileReference; lastKnownFileType = file.storyboard; name = Base; path = Base.lproj/Main.storyboard; sourceTree = "<group>"; };
		211C94802A0EB01300C2891F /* Base */ = {isa = PBXFileReference; lastKnownFileType = file.storyboard; name = Base; path = Base.lproj/LaunchScreen.storyboard; sourceTree = "<group>"; };
		21B2563E2A0ECC3C0061D4A0 /* GameManager.swift */ = {isa = PBXFileReference; fileEncoding = 4; lastKnownFileType = sourcecode.swift; path = GameManager.swift; sourceTree = "<group>"; };
		9F01E8982A21AE8900FD05CD /* PurchaseMenuBaseView.swift */ = {isa = PBXFileReference; lastKnownFileType = sourcecode.swift; path = PurchaseMenuBaseView.swift; sourceTree = "<group>"; };
		9F01E89A2A21AED700FD05CD /* PurchaseObject.swift */ = {isa = PBXFileReference; lastKnownFileType = sourcecode.swift; path = PurchaseObject.swift; sourceTree = "<group>"; };
		9F6D744D2A224BF700C16B14 /* Manager.swift */ = {isa = PBXFileReference; lastKnownFileType = sourcecode.swift; path = Manager.swift; sourceTree = "<group>"; };
		9F6D74502A22511B00C16B14 /* PurchaseMenuHostingViewController.swift */ = {isa = PBXFileReference; lastKnownFileType = sourcecode.swift; path = PurchaseMenuHostingViewController.swift; sourceTree = "<group>"; };
		9F6D74542A225AD600C16B14 /* PurchasableItemsData.swift */ = {isa = PBXFileReference; lastKnownFileType = sourcecode.swift; path = PurchasableItemsData.swift; sourceTree = "<group>"; };
		9F6D74572A2288A800C16B14 /* AlpacaError.swift */ = {isa = PBXFileReference; lastKnownFileType = sourcecode.swift; path = AlpacaError.swift; sourceTree = "<group>"; };
/* End PBXFileReference section */

/* Begin PBXFrameworksBuildPhase section */
		211C94722A0EB01300C2891F /* Frameworks */ = {
			isa = PBXFrameworksBuildPhase;
			buildActionMask = 2147483647;
			files = (
			);
			runOnlyForDeploymentPostprocessing = 0;
		};
/* End PBXFrameworksBuildPhase section */

/* Begin PBXGroup section */
		211C94682A0EB01200C2891F = {
			isa = PBXGroup;
			children = (
				211C946D2A0EB01200C2891F /* alpacaGame Shared */,
				211C94772A0EB01300C2891F /* alpacaGame iOS */,
				211C94762A0EB01300C2891F /* Products */,
			);
			sourceTree = "<group>";
		};
		211C946D2A0EB01200C2891F /* alpacaGame Shared */ = {
			isa = PBXGroup;
			children = (
				9F6D74562A22888000C16B14 /* ErrorHandling */,
				211C946E2A0EB01200C2891F /* GameController.swift */,
				9F6D74532A22513F00C16B14 /* GameManagers */,
				9F6D74522A22512B00C16B14 /* SwiftUIViews */,
				9F6D744F2A2250D900C16B14 /* ViewControllers */,
				9F6D744C2A224BE800C16B14 /* Modals */,
				211C946F2A0EB01200C2891F /* Art.scnassets */,
				211C94702A0EB01300C2891F /* Assets.xcassets */,
				9F01E89A2A21AED700FD05CD /* PurchaseObject.swift */,
				9F6D74542A225AD600C16B14 /* PurchasableItemsData.swift */,
			);
			path = "alpacaGame Shared";
			sourceTree = "<group>";
		};
		211C94762A0EB01300C2891F /* Products */ = {
			isa = PBXGroup;
			children = (
				211C94752A0EB01300C2891F /* alpacaGame.app */,
			);
			name = Products;
			sourceTree = "<group>";
		};
		211C94772A0EB01300C2891F /* alpacaGame iOS */ = {
			isa = PBXGroup;
			children = (
				211C94782A0EB01300C2891F /* AppDelegate.swift */,
				211C947C2A0EB01300C2891F /* Main.storyboard */,
				211C947F2A0EB01300C2891F /* LaunchScreen.storyboard */,
			);
			path = "alpacaGame iOS";
			sourceTree = "<group>";
		};
		9F6D744C2A224BE800C16B14 /* Modals */ = {
			isa = PBXGroup;
			children = (
				9F6D744D2A224BF700C16B14 /* Manager.swift */,
			);
			path = Modals;
			sourceTree = "<group>";
		};
		9F6D744F2A2250D900C16B14 /* ViewControllers */ = {
			isa = PBXGroup;
			children = (
				211C947A2A0EB01300C2891F /* GameViewController.swift */,
				9F6D74502A22511B00C16B14 /* PurchaseMenuHostingViewController.swift */,
			);
			path = ViewControllers;
			sourceTree = "<group>";
		};
		9F6D74522A22512B00C16B14 /* SwiftUIViews */ = {
			isa = PBXGroup;
			children = (
				9F01E8982A21AE8900FD05CD /* PurchaseMenuBaseView.swift */,
			);
			path = SwiftUIViews;
			sourceTree = "<group>";
		};
		9F6D74532A22513F00C16B14 /* GameManagers */ = {
			isa = PBXGroup;
			children = (
				21B2563E2A0ECC3C0061D4A0 /* GameManager.swift */,
			);
			path = GameManagers;
			sourceTree = "<group>";
		};
		9F6D74562A22888000C16B14 /* ErrorHandling */ = {
			isa = PBXGroup;
			children = (
				9F6D74572A2288A800C16B14 /* AlpacaError.swift */,
			);
			path = ErrorHandling;
			sourceTree = "<group>";
		};
/* End PBXGroup section */

/* Begin PBXNativeTarget section */
		211C94742A0EB01300C2891F /* alpacaGame iOS */ = {
			isa = PBXNativeTarget;
			buildConfigurationList = 211C94872A0EB01300C2891F /* Build configuration list for PBXNativeTarget "alpacaGame iOS" */;
			buildPhases = (
				211C94712A0EB01300C2891F /* Sources */,
				211C94722A0EB01300C2891F /* Frameworks */,
				211C94732A0EB01300C2891F /* Resources */,
			);
			buildRules = (
			);
			dependencies = (
			);
			name = "alpacaGame iOS";
			productName = "alpacaGame iOS";
			productReference = 211C94752A0EB01300C2891F /* alpacaGame.app */;
			productType = "com.apple.product-type.application";
		};
/* End PBXNativeTarget section */

/* Begin PBXProject section */
		211C94692A0EB01200C2891F /* Project object */ = {
			isa = PBXProject;
			attributes = {
				BuildIndependentTargetsInParallel = 1;
				LastSwiftUpdateCheck = 1430;
				LastUpgradeCheck = 1430;
				TargetAttributes = {
					211C94742A0EB01300C2891F = {
						CreatedOnToolsVersion = 14.3;
					};
				};
			};
			buildConfigurationList = 211C946C2A0EB01200C2891F /* Build configuration list for PBXProject "alpacaGame" */;
			compatibilityVersion = "Xcode 14.0";
			developmentRegion = en;
			hasScannedForEncodings = 0;
			knownRegions = (
				en,
				Base,
			);
			mainGroup = 211C94682A0EB01200C2891F;
			productRefGroup = 211C94762A0EB01300C2891F /* Products */;
			projectDirPath = "";
			projectRoot = "";
			targets = (
				211C94742A0EB01300C2891F /* alpacaGame iOS */,
			);
		};
/* End PBXProject section */

/* Begin PBXResourcesBuildPhase section */
		211C94732A0EB01300C2891F /* Resources */ = {
			isa = PBXResourcesBuildPhase;
			buildActionMask = 2147483647;
			files = (
				211C947E2A0EB01300C2891F /* Main.storyboard in Resources */,
				211C94812A0EB01300C2891F /* LaunchScreen.storyboard in Resources */,
				211C94842A0EB01300C2891F /* Assets.xcassets in Resources */,
				211C94832A0EB01300C2891F /* Art.scnassets in Resources */,
			);
			runOnlyForDeploymentPostprocessing = 0;
		};
/* End PBXResourcesBuildPhase section */

/* Begin PBXSourcesBuildPhase section */
		211C94712A0EB01300C2891F /* Sources */ = {
			isa = PBXSourcesBuildPhase;
			buildActionMask = 2147483647;
			files = (
				211C947B2A0EB01300C2891F /* GameViewController.swift in Sources */,
				21B2563F2A0ECC3C0061D4A0 /* GameManager.swift in Sources */,
				9F6D74582A2288A800C16B14 /* AlpacaError.swift in Sources */,
				211C94822A0EB01300C2891F /* GameController.swift in Sources */,
				211C94792A0EB01300C2891F /* AppDelegate.swift in Sources */,
				9F6D744E2A224BF700C16B14 /* Manager.swift in Sources */,
				9F6D74552A225AD600C16B14 /* PurchasableItemsData.swift in Sources */,
				9F6D74512A22511B00C16B14 /* PurchaseMenuHostingViewController.swift in Sources */,
				9F01E8992A21AE8900FD05CD /* PurchaseMenuBaseView.swift in Sources */,
				9F01E89B2A21AED700FD05CD /* PurchaseObject.swift in Sources */,
			);
			runOnlyForDeploymentPostprocessing = 0;
		};
/* End PBXSourcesBuildPhase section */

/* Begin PBXVariantGroup section */
		211C947C2A0EB01300C2891F /* Main.storyboard */ = {
			isa = PBXVariantGroup;
			children = (
				211C947D2A0EB01300C2891F /* Base */,
			);
			name = Main.storyboard;
			sourceTree = "<group>";
		};
		211C947F2A0EB01300C2891F /* LaunchScreen.storyboard */ = {
			isa = PBXVariantGroup;
			children = (
				211C94802A0EB01300C2891F /* Base */,
			);
			name = LaunchScreen.storyboard;
			sourceTree = "<group>";
		};
/* End PBXVariantGroup section */

/* Begin XCBuildConfiguration section */
		211C94852A0EB01300C2891F /* Debug */ = {
			isa = XCBuildConfiguration;
			buildSettings = {
				ALWAYS_SEARCH_USER_PATHS = NO;
				CLANG_ANALYZER_NONNULL = YES;
				CLANG_ANALYZER_NUMBER_OBJECT_CONVERSION = YES_AGGRESSIVE;
				CLANG_CXX_LANGUAGE_STANDARD = "gnu++20";
				CLANG_ENABLE_MODULES = YES;
				CLANG_ENABLE_OBJC_ARC = YES;
				CLANG_ENABLE_OBJC_WEAK = YES;
				CLANG_WARN_BLOCK_CAPTURE_AUTORELEASING = YES;
				CLANG_WARN_BOOL_CONVERSION = YES;
				CLANG_WARN_COMMA = YES;
				CLANG_WARN_CONSTANT_CONVERSION = YES;
				CLANG_WARN_DEPRECATED_OBJC_IMPLEMENTATIONS = YES;
				CLANG_WARN_DIRECT_OBJC_ISA_USAGE = YES_ERROR;
				CLANG_WARN_DOCUMENTATION_COMMENTS = YES;
				CLANG_WARN_EMPTY_BODY = YES;
				CLANG_WARN_ENUM_CONVERSION = YES;
				CLANG_WARN_INFINITE_RECURSION = YES;
				CLANG_WARN_INT_CONVERSION = YES;
				CLANG_WARN_NON_LITERAL_NULL_CONVERSION = YES;
				CLANG_WARN_OBJC_IMPLICIT_RETAIN_SELF = YES;
				CLANG_WARN_OBJC_LITERAL_CONVERSION = YES;
				CLANG_WARN_OBJC_ROOT_CLASS = YES_ERROR;
				CLANG_WARN_QUOTED_INCLUDE_IN_FRAMEWORK_HEADER = YES;
				CLANG_WARN_RANGE_LOOP_ANALYSIS = YES;
				CLANG_WARN_STRICT_PROTOTYPES = YES;
				CLANG_WARN_SUSPICIOUS_MOVE = YES;
				CLANG_WARN_UNGUARDED_AVAILABILITY = YES_AGGRESSIVE;
				CLANG_WARN_UNREACHABLE_CODE = YES;
				CLANG_WARN__DUPLICATE_METHOD_MATCH = YES;
				COPY_PHASE_STRIP = NO;
				DEBUG_INFORMATION_FORMAT = dwarf;
				ENABLE_STRICT_OBJC_MSGSEND = YES;
				ENABLE_TESTABILITY = YES;
				GCC_C_LANGUAGE_STANDARD = gnu11;
				GCC_DYNAMIC_NO_PIC = NO;
				GCC_NO_COMMON_BLOCKS = YES;
				GCC_OPTIMIZATION_LEVEL = 0;
				GCC_PREPROCESSOR_DEFINITIONS = (
					"DEBUG=1",
					"$(inherited)",
				);
				GCC_WARN_64_TO_32_BIT_CONVERSION = YES;
				GCC_WARN_ABOUT_RETURN_TYPE = YES_ERROR;
				GCC_WARN_UNDECLARED_SELECTOR = YES;
				GCC_WARN_UNINITIALIZED_AUTOS = YES_AGGRESSIVE;
				GCC_WARN_UNUSED_FUNCTION = YES;
				GCC_WARN_UNUSED_VARIABLE = YES;
				MTL_ENABLE_DEBUG_INFO = INCLUDE_SOURCE;
				MTL_FAST_MATH = YES;
				ONLY_ACTIVE_ARCH = YES;
				SWIFT_ACTIVE_COMPILATION_CONDITIONS = DEBUG;
				SWIFT_OPTIMIZATION_LEVEL = "-Onone";
			};
			name = Debug;
		};
		211C94862A0EB01300C2891F /* Release */ = {
			isa = XCBuildConfiguration;
			buildSettings = {
				ALWAYS_SEARCH_USER_PATHS = NO;
				CLANG_ANALYZER_NONNULL = YES;
				CLANG_ANALYZER_NUMBER_OBJECT_CONVERSION = YES_AGGRESSIVE;
				CLANG_CXX_LANGUAGE_STANDARD = "gnu++20";
				CLANG_ENABLE_MODULES = YES;
				CLANG_ENABLE_OBJC_ARC = YES;
				CLANG_ENABLE_OBJC_WEAK = YES;
				CLANG_WARN_BLOCK_CAPTURE_AUTORELEASING = YES;
				CLANG_WARN_BOOL_CONVERSION = YES;
				CLANG_WARN_COMMA = YES;
				CLANG_WARN_CONSTANT_CONVERSION = YES;
				CLANG_WARN_DEPRECATED_OBJC_IMPLEMENTATIONS = YES;
				CLANG_WARN_DIRECT_OBJC_ISA_USAGE = YES_ERROR;
				CLANG_WARN_DOCUMENTATION_COMMENTS = YES;
				CLANG_WARN_EMPTY_BODY = YES;
				CLANG_WARN_ENUM_CONVERSION = YES;
				CLANG_WARN_INFINITE_RECURSION = YES;
				CLANG_WARN_INT_CONVERSION = YES;
				CLANG_WARN_NON_LITERAL_NULL_CONVERSION = YES;
				CLANG_WARN_OBJC_IMPLICIT_RETAIN_SELF = YES;
				CLANG_WARN_OBJC_LITERAL_CONVERSION = YES;
				CLANG_WARN_OBJC_ROOT_CLASS = YES_ERROR;
				CLANG_WARN_QUOTED_INCLUDE_IN_FRAMEWORK_HEADER = YES;
				CLANG_WARN_RANGE_LOOP_ANALYSIS = YES;
				CLANG_WARN_STRICT_PROTOTYPES = YES;
				CLANG_WARN_SUSPICIOUS_MOVE = YES;
				CLANG_WARN_UNGUARDED_AVAILABILITY = YES_AGGRESSIVE;
				CLANG_WARN_UNREACHABLE_CODE = YES;
				CLANG_WARN__DUPLICATE_METHOD_MATCH = YES;
				COPY_PHASE_STRIP = NO;
				DEBUG_INFORMATION_FORMAT = "dwarf-with-dsym";
				ENABLE_NS_ASSERTIONS = NO;
				ENABLE_STRICT_OBJC_MSGSEND = YES;
				GCC_C_LANGUAGE_STANDARD = gnu11;
				GCC_NO_COMMON_BLOCKS = YES;
				GCC_WARN_64_TO_32_BIT_CONVERSION = YES;
				GCC_WARN_ABOUT_RETURN_TYPE = YES_ERROR;
				GCC_WARN_UNDECLARED_SELECTOR = YES;
				GCC_WARN_UNINITIALIZED_AUTOS = YES_AGGRESSIVE;
				GCC_WARN_UNUSED_FUNCTION = YES;
				GCC_WARN_UNUSED_VARIABLE = YES;
				MTL_ENABLE_DEBUG_INFO = NO;
				MTL_FAST_MATH = YES;
				SWIFT_COMPILATION_MODE = wholemodule;
				SWIFT_OPTIMIZATION_LEVEL = "-O";
			};
			name = Release;
		};
		211C94882A0EB01300C2891F /* Debug */ = {
			isa = XCBuildConfiguration;
			buildSettings = {
				ASSETCATALOG_COMPILER_APPICON_NAME = AppIcon;
				ASSETCATALOG_COMPILER_GLOBAL_ACCENT_COLOR_NAME = AccentColor;
				CODE_SIGN_STYLE = Automatic;
				CURRENT_PROJECT_VERSION = 1;
				DEVELOPMENT_TEAM = YB4NRP4L3U;
				GENERATE_INFOPLIST_FILE = YES;
				INFOPLIST_KEY_UIApplicationSupportsIndirectInputEvents = YES;
				INFOPLIST_KEY_UILaunchStoryboardName = LaunchScreen;
				INFOPLIST_KEY_UIMainStoryboardFile = Main;
				INFOPLIST_KEY_UIStatusBarHidden = YES;
				INFOPLIST_KEY_UISupportedInterfaceOrientations_iPad = "UIInterfaceOrientationPortrait UIInterfaceOrientationPortraitUpsideDown UIInterfaceOrientationLandscapeLeft UIInterfaceOrientationLandscapeRight";
				INFOPLIST_KEY_UISupportedInterfaceOrientations_iPhone = "UIInterfaceOrientationPortrait UIInterfaceOrientationLandscapeLeft UIInterfaceOrientationLandscapeRight";
				IPHONEOS_DEPLOYMENT_TARGET = 15.4;
				LD_RUNPATH_SEARCH_PATHS = (
					"$(inherited)",
					"@executable_path/Frameworks",
				);
				MARKETING_VERSION = 1.0;
				PRODUCT_BUNDLE_IDENTIFIER = com.app.alpacaCorp;
				PRODUCT_NAME = alpacaGame;
				SDKROOT = iphoneos;
				SWIFT_EMIT_LOC_STRINGS = YES;
				SWIFT_VERSION = 5.0;
				TARGETED_DEVICE_FAMILY = "1,2";
			};
			name = Debug;
		};
		211C94892A0EB01300C2891F /* Release */ = {
			isa = XCBuildConfiguration;
			buildSettings = {
				ASSETCATALOG_COMPILER_APPICON_NAME = AppIcon;
				ASSETCATALOG_COMPILER_GLOBAL_ACCENT_COLOR_NAME = AccentColor;
				CODE_SIGN_STYLE = Automatic;
				CURRENT_PROJECT_VERSION = 1;
				DEVELOPMENT_TEAM = YB4NRP4L3U;
				GENERATE_INFOPLIST_FILE = YES;
				INFOPLIST_KEY_UIApplicationSupportsIndirectInputEvents = YES;
				INFOPLIST_KEY_UILaunchStoryboardName = LaunchScreen;
				INFOPLIST_KEY_UIMainStoryboardFile = Main;
				INFOPLIST_KEY_UIStatusBarHidden = YES;
				INFOPLIST_KEY_UISupportedInterfaceOrientations_iPad = "UIInterfaceOrientationPortrait UIInterfaceOrientationPortraitUpsideDown UIInterfaceOrientationLandscapeLeft UIInterfaceOrientationLandscapeRight";
				INFOPLIST_KEY_UISupportedInterfaceOrientations_iPhone = "UIInterfaceOrientationPortrait UIInterfaceOrientationLandscapeLeft UIInterfaceOrientationLandscapeRight";
				IPHONEOS_DEPLOYMENT_TARGET = 15.4;
				LD_RUNPATH_SEARCH_PATHS = (
					"$(inherited)",
					"@executable_path/Frameworks",
				);
				MARKETING_VERSION = 1.0;
				PRODUCT_BUNDLE_IDENTIFIER = com.app.alpacaCorp;
				PRODUCT_NAME = alpacaGame;
				SDKROOT = iphoneos;
				SWIFT_EMIT_LOC_STRINGS = YES;
				SWIFT_VERSION = 5.0;
				TARGETED_DEVICE_FAMILY = "1,2";
				VALIDATE_PRODUCT = YES;
			};
			name = Release;
		};
/* End XCBuildConfiguration section */

/* Begin XCConfigurationList section */
		211C946C2A0EB01200C2891F /* Build configuration list for PBXProject "alpacaGame" */ = {
			isa = XCConfigurationList;
			buildConfigurations = (
				211C94852A0EB01300C2891F /* Debug */,
				211C94862A0EB01300C2891F /* Release */,
			);
			defaultConfigurationIsVisible = 0;
			defaultConfigurationName = Release;
		};
		211C94872A0EB01300C2891F /* Build configuration list for PBXNativeTarget "alpacaGame iOS" */ = {
			isa = XCConfigurationList;
			buildConfigurations = (
				211C94882A0EB01300C2891F /* Debug */,
				211C94892A0EB01300C2891F /* Release */,
			);
			defaultConfigurationIsVisible = 0;
			defaultConfigurationName = Release;
		};
/* End XCConfigurationList section */
	};
	rootObject = 211C94692A0EB01200C2891F /* Project object */;
}
